
Microsoft Visual Studio Solution File, Format Version 12.00
# Visual Studio 15
VisualStudioVersion = 15.0.28307.960
MinimumVisualStudioVersion = 10.0.40219.1
Project("{FAE04EC0-301F-11D3-BF4B-00C04F79EFBC}") = "ByteBank.SistemaAgencia", "ByteBank.SistemaAgencia\ByteBank.SistemaAgencia.csproj", "{738FF717-16AF-4A3C-8B70-1CC0C49042D1}"
EndProject
Project("{FAE04EC0-301F-11D3-BF4B-00C04F79EFBC}") = "ByteBank.Modelos", "ByteBank.Modelos\ByteBank.Modelos.csproj", "{1D18B116-9E39-4AE3-845D-868B1DC5C2A1}"
EndProject
Global
	GlobalSection(SolutionConfigurationPlatforms) = preSolution
		Debug|Any CPU = Debug|Any CPU
		Release|Any CPU = Release|Any CPU
	EndGlobalSection
	GlobalSection(ProjectConfigurationPlatforms) = postSolution
		{738FF717-16AF-4A3C-8B70-1CC0C49042D1}.Debug|Any CPU.ActiveCfg = Debug|Any CPU
		{738FF717-16AF-4A3C-8B70-1CC0C49042D1}.Debug|Any CPU.Build.0 = Debug|Any CPU
		{738FF717-16AF-4A3C-8B70-1CC0C49042D1}.Release|Any CPU.ActiveCfg = Release|Any CPU
		{738FF717-16AF-4A3C-8B70-1CC0C49042D1}.Release|Any CPU.Build.0 = Release|Any CPU
		{1D18B116-9E39-4AE3-845D-868B1DC5C2A1}.Debug|Any CPU.ActiveCfg = Debug|Any CPU
		{1D18B116-9E39-4AE3-845D-868B1DC5C2A1}.Debug|Any CPU.Build.0 = Debug|Any CPU
		{1D18B116-9E39-4AE3-845D-868B1DC5C2A1}.Release|Any CPU.ActiveCfg = Release|Any CPU
		{1D18B116-9E39-4AE3-845D-868B1DC5C2A1}.Release|Any CPU.Build.0 = Release|Any CPU
	EndGlobalSection
	GlobalSection(SolutionProperties) = preSolution
		HideSolutionNode = FALSE
	EndGlobalSection
	GlobalSection(ExtensibilityGlobals) = postSolution
		SolutionGuid = {FFE56777-3800-4B20-A3EF-C7DF2A348201}
	EndGlobalSection
EndGlobal
