
Microsoft Visual Studio Solution File, Format Version 12.00
# Visual Studio 15
VisualStudioVersion = 15.0.28307.960
MinimumVisualStudioVersion = 10.0.40219.1
Project("{FAE04EC0-301F-11D3-BF4B-00C04F79EFBC}") = "TrabalhandoComStrings", "TrabalhandoComStrings\TrabalhandoComStrings.csproj", "{CC461DCB-E983-478C-95CB-F4FCEDD111A7}"
EndProject
Global
	GlobalSection(SolutionConfigurationPlatforms) = preSolution
		Debug|Any CPU = Debug|Any CPU
		Release|Any CPU = Release|Any CPU
	EndGlobalSection
	GlobalSection(ProjectConfigurationPlatforms) = postSolution
		{CC461DCB-E983-478C-95CB-F4FCEDD111A7}.Debug|Any CPU.ActiveCfg = Debug|Any CPU
		{CC461DCB-E983-478C-95CB-F4FCEDD111A7}.Debug|Any CPU.Build.0 = Debug|Any CPU
		{CC461DCB-E983-478C-95CB-F4FCEDD111A7}.Release|Any CPU.ActiveCfg = Release|Any CPU
		{CC461DCB-E983-478C-95CB-F4FCEDD111A7}.Release|Any CPU.Build.0 = Release|Any CPU
	EndGlobalSection
	GlobalSection(SolutionProperties) = preSolution
		HideSolutionNode = FALSE
	EndGlobalSection
	GlobalSection(ExtensibilityGlobals) = postSolution
		SolutionGuid = {C15C1A6D-00E2-4C51-BE58-D92F42F28B88}
	EndGlobalSection
EndGlobal
