
Microsoft Visual Studio Solution File, Format Version 12.00
# Visual Studio Version 16
VisualStudioVersion = 16.0.29728.190
MinimumVisualStudioVersion = 10.0.40219.1
Project("{FAE04EC0-301F-11D3-BF4B-00C04F79EFBC}") = "3- WaAgenda", "3- WaAgenda\3- WaAgenda.csproj", "{0888A68C-4EA9-4D59-879D-4ED860F28989}"
EndProject
Global
	GlobalSection(SolutionConfigurationPlatforms) = preSolution
		Debug|Any CPU = Debug|Any CPU
		Release|Any CPU = Release|Any CPU
	EndGlobalSection
	GlobalSection(ProjectConfigurationPlatforms) = postSolution
		{0888A68C-4EA9-4D59-879D-4ED860F28989}.Debug|Any CPU.ActiveCfg = Debug|Any CPU
		{0888A68C-4EA9-4D59-879D-4ED860F28989}.Debug|Any CPU.Build.0 = Debug|Any CPU
		{0888A68C-4EA9-4D59-879D-4ED860F28989}.Release|Any CPU.ActiveCfg = Release|Any CPU
		{0888A68C-4EA9-4D59-879D-4ED860F28989}.Release|Any CPU.Build.0 = Release|Any CPU
	EndGlobalSection
	GlobalSection(SolutionProperties) = preSolution
		HideSolutionNode = FALSE
	EndGlobalSection
	GlobalSection(ExtensibilityGlobals) = postSolution
		SolutionGuid = {1DDBB9CD-27A6-42A0-A991-ECCC41E4963E}
	EndGlobalSection
EndGlobal
