
Microsoft Visual Studio Solution File, Format Version 12.00
# Visual Studio 15
VisualStudioVersion = 15.0.28307.960
MinimumVisualStudioVersion = 10.0.40219.1
Project("{FAE04EC0-301F-11D3-BF4B-00C04F79EFBC}") = "01- ByteBank", "01- ByteBank\01- ByteBank.csproj", "{3FC744B4-5178-43EF-A6F7-A869FF4A8D65}"
EndProject
Global
	GlobalSection(SolutionConfigurationPlatforms) = preSolution
		Debug|Any CPU = Debug|Any CPU
		Release|Any CPU = Release|Any CPU
	EndGlobalSection
	GlobalSection(ProjectConfigurationPlatforms) = postSolution
		{3FC744B4-5178-43EF-A6F7-A869FF4A8D65}.Debug|Any CPU.ActiveCfg = Debug|Any CPU
		{3FC744B4-5178-43EF-A6F7-A869FF4A8D65}.Debug|Any CPU.Build.0 = Debug|Any CPU
		{3FC744B4-5178-43EF-A6F7-A869FF4A8D65}.Release|Any CPU.ActiveCfg = Release|Any CPU
		{3FC744B4-5178-43EF-A6F7-A869FF4A8D65}.Release|Any CPU.Build.0 = Release|Any CPU
	EndGlobalSection
	GlobalSection(SolutionProperties) = preSolution
		HideSolutionNode = FALSE
	EndGlobalSection
	GlobalSection(ExtensibilityGlobals) = postSolution
		SolutionGuid = {3F8BDDA5-1038-42DC-AE37-54BE850E5EDC}
	EndGlobalSection
EndGlobal
