
Microsoft Visual Studio Solution File, Format Version 12.00
# Visual Studio 15
VisualStudioVersion = 15.0.28307.960
MinimumVisualStudioVersion = 10.0.40219.1
Project("{FAE04EC0-301F-11D3-BF4B-00C04F79EFBC}") = "ByteBank.SistemaInterno", "ByteBank.SistemaInterno\ByteBank.SistemaInterno.csproj", "{DBAD577C-C20D-489A-83F6-83ACC92283F9}"
EndProject
Global
	GlobalSection(SolutionConfigurationPlatforms) = preSolution
		Debug|Any CPU = Debug|Any CPU
		Release|Any CPU = Release|Any CPU
	EndGlobalSection
	GlobalSection(ProjectConfigurationPlatforms) = postSolution
		{DBAD577C-C20D-489A-83F6-83ACC92283F9}.Debug|Any CPU.ActiveCfg = Debug|Any CPU
		{DBAD577C-C20D-489A-83F6-83ACC92283F9}.Debug|Any CPU.Build.0 = Debug|Any CPU
		{DBAD577C-C20D-489A-83F6-83ACC92283F9}.Release|Any CPU.ActiveCfg = Release|Any CPU
		{DBAD577C-C20D-489A-83F6-83ACC92283F9}.Release|Any CPU.Build.0 = Release|Any CPU
	EndGlobalSection
	GlobalSection(SolutionProperties) = preSolution
		HideSolutionNode = FALSE
	EndGlobalSection
	GlobalSection(ExtensibilityGlobals) = postSolution
		SolutionGuid = {E99A35BF-D7EA-45B2-92FB-0CC1F79C0AE8}
	EndGlobalSection
EndGlobal
